
<<<<<<< HEAD
Microsoft Visual Studio Solution File, Format Version 11.00
# Visual Studio 2010
=======
Microsoft Visual Studio Solution File, Format Version 12.00
# Visual Studio 15
>>>>>>> fe5e9b9f4c0e3a958a5b8581d0c95f9fa7613267
Project("{FAE04EC0-301F-11D3-BF4B-00C04F79EFBC}") = "Assembly-CSharp", "Assembly-CSharp.csproj", "{1EC02D6E-4934-2A26-0FE7-F266151794BF}"
EndProject
Project("{FAE04EC0-301F-11D3-BF4B-00C04F79EFBC}") = "Assembly-CSharp-Editor", "Assembly-CSharp-Editor.csproj", "{96BB1C49-B3CE-BD67-F870-58BDDB65E871}"
EndProject
Global
	GlobalSection(SolutionConfigurationPlatforms) = preSolution
		Debug|Any CPU = Debug|Any CPU
		Release|Any CPU = Release|Any CPU
	EndGlobalSection
	GlobalSection(ProjectConfigurationPlatforms) = postSolution
		{1EC02D6E-4934-2A26-0FE7-F266151794BF}.Debug|Any CPU.ActiveCfg = Debug|Any CPU
		{1EC02D6E-4934-2A26-0FE7-F266151794BF}.Debug|Any CPU.Build.0 = Debug|Any CPU
		{1EC02D6E-4934-2A26-0FE7-F266151794BF}.Release|Any CPU.ActiveCfg = Release|Any CPU
		{1EC02D6E-4934-2A26-0FE7-F266151794BF}.Release|Any CPU.Build.0 = Release|Any CPU
		{96BB1C49-B3CE-BD67-F870-58BDDB65E871}.Debug|Any CPU.ActiveCfg = Debug|Any CPU
		{96BB1C49-B3CE-BD67-F870-58BDDB65E871}.Debug|Any CPU.Build.0 = Debug|Any CPU
		{96BB1C49-B3CE-BD67-F870-58BDDB65E871}.Release|Any CPU.ActiveCfg = Release|Any CPU
		{96BB1C49-B3CE-BD67-F870-58BDDB65E871}.Release|Any CPU.Build.0 = Release|Any CPU
	EndGlobalSection
	GlobalSection(SolutionProperties) = preSolution
		HideSolutionNode = FALSE
	EndGlobalSection
EndGlobal
