
<<<<<<< HEAD
Microsoft Visual Studio Solution File, Format Version 11.00
# Visual Studio 2010
=======
Microsoft Visual Studio Solution File, Format Version 12.00
# Visual Studio 15
>>>>>>> 4ee52e98a5dfe67a8c2b8d107ec573c3e02af0ef
Project("{FAE04EC0-301F-11D3-BF4B-00C04F79EFBC}") = "Assembly-CSharp-firstpass", "Assembly-CSharp-firstpass.csproj", "{2371E427-A0FA-8C3F-4A41-D207FC81AC9D}"
EndProject
Project("{FAE04EC0-301F-11D3-BF4B-00C04F79EFBC}") = "Assembly-CSharp", "Assembly-CSharp.csproj", "{1EC02D6E-4934-2A26-0FE7-F266151794BF}"
EndProject
Project("{FAE04EC0-301F-11D3-BF4B-00C04F79EFBC}") = "Assembly-CSharp-Editor", "Assembly-CSharp-Editor.csproj", "{96BB1C49-B3CE-BD67-F870-58BDDB65E871}"
EndProject
Project("{FAE04EC0-301F-11D3-BF4B-00C04F79EFBC}") = "Assembly-CSharp-Editor-firstpass", "Assembly-CSharp-Editor-firstpass.csproj", "{B84371CE-09DF-EFF0-6776-28C241D2F8EF}"
EndProject
Global
	GlobalSection(SolutionConfigurationPlatforms) = preSolution
		Debug|Any CPU = Debug|Any CPU
		Release|Any CPU = Release|Any CPU
	EndGlobalSection
	GlobalSection(ProjectConfigurationPlatforms) = postSolution
		{2371E427-A0FA-8C3F-4A41-D207FC81AC9D}.Debug|Any CPU.ActiveCfg = Debug|Any CPU
		{2371E427-A0FA-8C3F-4A41-D207FC81AC9D}.Debug|Any CPU.Build.0 = Debug|Any CPU
		{2371E427-A0FA-8C3F-4A41-D207FC81AC9D}.Release|Any CPU.ActiveCfg = Release|Any CPU
		{2371E427-A0FA-8C3F-4A41-D207FC81AC9D}.Release|Any CPU.Build.0 = Release|Any CPU
		{1EC02D6E-4934-2A26-0FE7-F266151794BF}.Debug|Any CPU.ActiveCfg = Debug|Any CPU
		{1EC02D6E-4934-2A26-0FE7-F266151794BF}.Debug|Any CPU.Build.0 = Debug|Any CPU
		{1EC02D6E-4934-2A26-0FE7-F266151794BF}.Release|Any CPU.ActiveCfg = Release|Any CPU
		{1EC02D6E-4934-2A26-0FE7-F266151794BF}.Release|Any CPU.Build.0 = Release|Any CPU
		{96BB1C49-B3CE-BD67-F870-58BDDB65E871}.Debug|Any CPU.ActiveCfg = Debug|Any CPU
		{96BB1C49-B3CE-BD67-F870-58BDDB65E871}.Debug|Any CPU.Build.0 = Debug|Any CPU
		{96BB1C49-B3CE-BD67-F870-58BDDB65E871}.Release|Any CPU.ActiveCfg = Release|Any CPU
		{96BB1C49-B3CE-BD67-F870-58BDDB65E871}.Release|Any CPU.Build.0 = Release|Any CPU
		{B84371CE-09DF-EFF0-6776-28C241D2F8EF}.Debug|Any CPU.ActiveCfg = Debug|Any CPU
		{B84371CE-09DF-EFF0-6776-28C241D2F8EF}.Debug|Any CPU.Build.0 = Debug|Any CPU
		{B84371CE-09DF-EFF0-6776-28C241D2F8EF}.Release|Any CPU.ActiveCfg = Release|Any CPU
		{B84371CE-09DF-EFF0-6776-28C241D2F8EF}.Release|Any CPU.Build.0 = Release|Any CPU
	EndGlobalSection
	GlobalSection(SolutionProperties) = preSolution
		HideSolutionNode = FALSE
	EndGlobalSection
EndGlobal
